
Microsoft Visual Studio Solution File, Format Version 12.00
# Visual Studio Version 16
VisualStudioVersion = 16.0.28803.452
MinimumVisualStudioVersion = 10.0.40219.1
Project("{FAE04EC0-301F-11D3-BF4B-00C04F79EFBC}") = "CopyPasterThingy", "CopyPasterThingy\CopyPasterThingy.csproj", "{FA0C15E3-3C70-43E8-9439-AAA6C377791F}"
EndProject
Global
	GlobalSection(SolutionConfigurationPlatforms) = preSolution
		Debug|Any CPU = Debug|Any CPU
		Release|Any CPU = Release|Any CPU
	EndGlobalSection
	GlobalSection(ProjectConfigurationPlatforms) = postSolution
		{FA0C15E3-3C70-43E8-9439-AAA6C377791F}.Debug|Any CPU.ActiveCfg = Debug|Any CPU
		{FA0C15E3-3C70-43E8-9439-AAA6C377791F}.Debug|Any CPU.Build.0 = Debug|Any CPU
		{FA0C15E3-3C70-43E8-9439-AAA6C377791F}.Release|Any CPU.ActiveCfg = Release|Any CPU
		{FA0C15E3-3C70-43E8-9439-AAA6C377791F}.Release|Any CPU.Build.0 = Release|Any CPU
	EndGlobalSection
	GlobalSection(SolutionProperties) = preSolution
		HideSolutionNode = FALSE
	EndGlobalSection
	GlobalSection(ExtensibilityGlobals) = postSolution
		SolutionGuid = {CE0E987F-6314-409B-A561-9CC2F9435C7F}
	EndGlobalSection
EndGlobal
